// !$*UTF8*$!
{
	archiveVersion = 1;
	classes = {
	};
	objectVersion = 50;
	objects = {

/* Begin PBXBuildFile section */
		EA29153020E1E8CC00832709 /* AxcLanguageManagement.m in Sources */ = {isa = PBXBuildFile; fileRef = EA29152F20E1E8CC00832709 /* AxcLanguageManagement.m */; };
		EA29153420E226D200832709 /* NSObject+AxcBasicSuitIndexPath.m in Sources */ = {isa = PBXBuildFile; fileRef = EA29153320E226D200832709 /* NSObject+AxcBasicSuitIndexPath.m */; };
		EA29153D20E236DE00832709 /* AxcCalculateTool.m in Sources */ = {isa = PBXBuildFile; fileRef = EA29153C20E236DE00832709 /* AxcCalculateTool.m */; };
		EA69960320E4CC40000592B2 /* NSObject+AxcBasicSuitObjectEx.m in Sources */ = {isa = PBXBuildFile; fileRef = EA69960220E4CC40000592B2 /* NSObject+AxcBasicSuitObjectEx.m */; };
		EA69960820E4CDE7000592B2 /* NSString+AxcRegularEx.m in Sources */ = {isa = PBXBuildFile; fileRef = EA69960720E4CDE7000592B2 /* NSString+AxcRegularEx.m */; };
		EA69960E20E4E08E000592B2 /* NSString+AxcTextCalculation.m in Sources */ = {isa = PBXBuildFile; fileRef = EA69960D20E4E08E000592B2 /* NSString+AxcTextCalculation.m */; };
		EA69961320E4E41E000592B2 /* UIView+AxcViewRectEx.m in Sources */ = {isa = PBXBuildFile; fileRef = EA69961220E4E41E000592B2 /* UIView+AxcViewRectEx.m */; };
		EA69961720E4E5D6000592B2 /* UIColor+AxcColorEx.m in Sources */ = {isa = PBXBuildFile; fileRef = EA69961520E4E5D6000592B2 /* UIColor+AxcColorEx.m */; };
		EA69961B20E61C49000592B2 /* AxcParameterObj.m in Sources */ = {isa = PBXBuildFile; fileRef = EA69961A20E61C49000592B2 /* AxcParameterObj.m */; };
		EA69962020E6261D000592B2 /* UIView+AxcViewAppearanceEx.m in Sources */ = {isa = PBXBuildFile; fileRef = EA69961F20E6261D000592B2 /* UIView+AxcViewAppearanceEx.m */; };
		EA69962420E62CF7000592B2 /* AxcDataCache.m in Sources */ = {isa = PBXBuildFile; fileRef = EA69962220E62CF6000592B2 /* AxcDataCache.m */; };
		EA9FB0C320E1E0CB006260C4 /* AppDelegate.m in Sources */ = {isa = PBXBuildFile; fileRef = EA9FB0C220E1E0CB006260C4 /* AppDelegate.m */; };
		EA9FB0C620E1E0CB006260C4 /* ViewController.m in Sources */ = {isa = PBXBuildFile; fileRef = EA9FB0C520E1E0CB006260C4 /* ViewController.m */; };
		EA9FB0C920E1E0CB006260C4 /* Main.storyboard in Resources */ = {isa = PBXBuildFile; fileRef = EA9FB0C720E1E0CB006260C4 /* Main.storyboard */; };
		EA9FB0CB20E1E0CC006260C4 /* Assets.xcassets in Resources */ = {isa = PBXBuildFile; fileRef = EA9FB0CA20E1E0CC006260C4 /* Assets.xcassets */; };
		EA9FB0CE20E1E0CC006260C4 /* LaunchScreen.storyboard in Resources */ = {isa = PBXBuildFile; fileRef = EA9FB0CC20E1E0CC006260C4 /* LaunchScreen.storyboard */; };
		EA9FB0D120E1E0CC006260C4 /* main.m in Sources */ = {isa = PBXBuildFile; fileRef = EA9FB0D020E1E0CC006260C4 /* main.m */; };
		EA9FB0DB20E1E0CC006260C4 /* AxcBasicSuitTests.m in Sources */ = {isa = PBXBuildFile; fileRef = EA9FB0DA20E1E0CC006260C4 /* AxcBasicSuitTests.m */; };
		EA9FB0E620E1E0CC006260C4 /* AxcBasicSuitUITests.m in Sources */ = {isa = PBXBuildFile; fileRef = EA9FB0E520E1E0CC006260C4 /* AxcBasicSuitUITests.m */; };
		EA9FB0F620E1E0F8006260C4 /* AxcBaseVC.m in Sources */ = {isa = PBXBuildFile; fileRef = EA9FB0F520E1E0F8006260C4 /* AxcBaseVC.m */; };
/* End PBXBuildFile section */

/* Begin PBXContainerItemProxy section */
		EA9FB0D720E1E0CC006260C4 /* PBXContainerItemProxy */ = {
			isa = PBXContainerItemProxy;
			containerPortal = EA9FB0B620E1E0CB006260C4 /* Project object */;
			proxyType = 1;
			remoteGlobalIDString = EA9FB0BD20E1E0CB006260C4;
			remoteInfo = AxcBasicSuit;
		};
		EA9FB0E220E1E0CC006260C4 /* PBXContainerItemProxy */ = {
			isa = PBXContainerItemProxy;
			containerPortal = EA9FB0B620E1E0CB006260C4 /* Project object */;
			proxyType = 1;
			remoteGlobalIDString = EA9FB0BD20E1E0CB006260C4;
			remoteInfo = AxcBasicSuit;
		};
/* End PBXContainerItemProxy section */

/* Begin PBXFileReference section */
		EA29152E20E1E8CC00832709 /* AxcLanguageManagement.h */ = {isa = PBXFileReference; lastKnownFileType = sourcecode.c.h; path = AxcLanguageManagement.h; sourceTree = "<group>"; };
		EA29152F20E1E8CC00832709 /* AxcLanguageManagement.m */ = {isa = PBXFileReference; lastKnownFileType = sourcecode.c.objc; path = AxcLanguageManagement.m; sourceTree = "<group>"; };
		EA29153220E226D200832709 /* NSObject+AxcBasicSuitIndexPath.h */ = {isa = PBXFileReference; lastKnownFileType = sourcecode.c.h; path = "NSObject+AxcBasicSuitIndexPath.h"; sourceTree = "<group>"; };
		EA29153320E226D200832709 /* NSObject+AxcBasicSuitIndexPath.m */ = {isa = PBXFileReference; lastKnownFileType = sourcecode.c.objc; path = "NSObject+AxcBasicSuitIndexPath.m"; sourceTree = "<group>"; };
		EA29153620E229C700832709 /* AxcBasicSuitPrefixHeader.h */ = {isa = PBXFileReference; lastKnownFileType = sourcecode.c.h; path = AxcBasicSuitPrefixHeader.h; sourceTree = "<group>"; };
		EA29153B20E236DE00832709 /* AxcCalculateTool.h */ = {isa = PBXFileReference; lastKnownFileType = sourcecode.c.h; path = AxcCalculateTool.h; sourceTree = "<group>"; };
		EA29153C20E236DE00832709 /* AxcCalculateTool.m */ = {isa = PBXFileReference; lastKnownFileType = sourcecode.c.objc; path = AxcCalculateTool.m; sourceTree = "<group>"; };
		EA29154B20E23F3500832709 /* AxcBasicSuitBlockDefine.h */ = {isa = PBXFileReference; lastKnownFileType = sourcecode.c.h; path = AxcBasicSuitBlockDefine.h; sourceTree = "<group>"; };
		EA69960120E4CC40000592B2 /* NSObject+AxcBasicSuitObjectEx.h */ = {isa = PBXFileReference; lastKnownFileType = sourcecode.c.h; path = "NSObject+AxcBasicSuitObjectEx.h"; sourceTree = "<group>"; };
		EA69960220E4CC40000592B2 /* NSObject+AxcBasicSuitObjectEx.m */ = {isa = PBXFileReference; lastKnownFileType = sourcecode.c.objc; path = "NSObject+AxcBasicSuitObjectEx.m"; sourceTree = "<group>"; };
		EA69960620E4CDE7000592B2 /* NSString+AxcRegularEx.h */ = {isa = PBXFileReference; lastKnownFileType = sourcecode.c.h; path = "NSString+AxcRegularEx.h"; sourceTree = "<group>"; };
		EA69960720E4CDE7000592B2 /* NSString+AxcRegularEx.m */ = {isa = PBXFileReference; lastKnownFileType = sourcecode.c.objc; path = "NSString+AxcRegularEx.m"; sourceTree = "<group>"; };
		EA69960C20E4E08E000592B2 /* NSString+AxcTextCalculation.h */ = {isa = PBXFileReference; fileEncoding = 4; lastKnownFileType = sourcecode.c.h; path = "NSString+AxcTextCalculation.h"; sourceTree = "<group>"; };
		EA69960D20E4E08E000592B2 /* NSString+AxcTextCalculation.m */ = {isa = PBXFileReference; fileEncoding = 4; lastKnownFileType = sourcecode.c.objc; path = "NSString+AxcTextCalculation.m"; sourceTree = "<group>"; };
		EA69961120E4E41E000592B2 /* UIView+AxcViewRectEx.h */ = {isa = PBXFileReference; fileEncoding = 4; lastKnownFileType = sourcecode.c.h; path = "UIView+AxcViewRectEx.h"; sourceTree = "<group>"; };
		EA69961220E4E41E000592B2 /* UIView+AxcViewRectEx.m */ = {isa = PBXFileReference; fileEncoding = 4; lastKnownFileType = sourcecode.c.objc; path = "UIView+AxcViewRectEx.m"; sourceTree = "<group>"; };
		EA69961520E4E5D6000592B2 /* UIColor+AxcColorEx.m */ = {isa = PBXFileReference; fileEncoding = 4; lastKnownFileType = sourcecode.c.objc; path = "UIColor+AxcColorEx.m"; sourceTree = "<group>"; };
		EA69961620E4E5D6000592B2 /* UIColor+AxcColorEx.h */ = {isa = PBXFileReference; fileEncoding = 4; lastKnownFileType = sourcecode.c.h; path = "UIColor+AxcColorEx.h"; sourceTree = "<group>"; };
		EA69961920E61C49000592B2 /* AxcParameterObj.h */ = {isa = PBXFileReference; fileEncoding = 4; lastKnownFileType = sourcecode.c.h; path = AxcParameterObj.h; sourceTree = "<group>"; };
		EA69961A20E61C49000592B2 /* AxcParameterObj.m */ = {isa = PBXFileReference; fileEncoding = 4; lastKnownFileType = sourcecode.c.objc; path = AxcParameterObj.m; sourceTree = "<group>"; };
		EA69961E20E6261D000592B2 /* UIView+AxcViewAppearanceEx.h */ = {isa = PBXFileReference; lastKnownFileType = sourcecode.c.h; path = "UIView+AxcViewAppearanceEx.h"; sourceTree = "<group>"; };
		EA69961F20E6261D000592B2 /* UIView+AxcViewAppearanceEx.m */ = {isa = PBXFileReference; lastKnownFileType = sourcecode.c.objc; path = "UIView+AxcViewAppearanceEx.m"; sourceTree = "<group>"; };
		EA69962220E62CF6000592B2 /* AxcDataCache.m */ = {isa = PBXFileReference; fileEncoding = 4; lastKnownFileType = sourcecode.c.objc; path = AxcDataCache.m; sourceTree = "<group>"; };
		EA69962320E62CF7000592B2 /* AxcDataCache.h */ = {isa = PBXFileReference; fileEncoding = 4; lastKnownFileType = sourcecode.c.h; path = AxcDataCache.h; sourceTree = "<group>"; };
		EA9FB0BE20E1E0CB006260C4 /* AxcBasicSuit.app */ = {isa = PBXFileReference; explicitFileType = wrapper.application; includeInIndex = 0; path = AxcBasicSuit.app; sourceTree = BUILT_PRODUCTS_DIR; };
		EA9FB0C120E1E0CB006260C4 /* AppDelegate.h */ = {isa = PBXFileReference; lastKnownFileType = sourcecode.c.h; path = AppDelegate.h; sourceTree = "<group>"; };
		EA9FB0C220E1E0CB006260C4 /* AppDelegate.m */ = {isa = PBXFileReference; lastKnownFileType = sourcecode.c.objc; path = AppDelegate.m; sourceTree = "<group>"; };
		EA9FB0C420E1E0CB006260C4 /* ViewController.h */ = {isa = PBXFileReference; lastKnownFileType = sourcecode.c.h; path = ViewController.h; sourceTree = "<group>"; };
		EA9FB0C520E1E0CB006260C4 /* ViewController.m */ = {isa = PBXFileReference; lastKnownFileType = sourcecode.c.objc; path = ViewController.m; sourceTree = "<group>"; };
		EA9FB0C820E1E0CB006260C4 /* Base */ = {isa = PBXFileReference; lastKnownFileType = file.storyboard; name = Base; path = Base.lproj/Main.storyboard; sourceTree = "<group>"; };
		EA9FB0CA20E1E0CC006260C4 /* Assets.xcassets */ = {isa = PBXFileReference; lastKnownFileType = folder.assetcatalog; path = Assets.xcassets; sourceTree = "<group>"; };
		EA9FB0CD20E1E0CC006260C4 /* Base */ = {isa = PBXFileReference; lastKnownFileType = file.storyboard; name = Base; path = Base.lproj/LaunchScreen.storyboard; sourceTree = "<group>"; };
		EA9FB0CF20E1E0CC006260C4 /* Info.plist */ = {isa = PBXFileReference; lastKnownFileType = text.plist.xml; path = Info.plist; sourceTree = "<group>"; };
		EA9FB0D020E1E0CC006260C4 /* main.m */ = {isa = PBXFileReference; lastKnownFileType = sourcecode.c.objc; path = main.m; sourceTree = "<group>"; };
		EA9FB0D620E1E0CC006260C4 /* AxcBasicSuitTests.xctest */ = {isa = PBXFileReference; explicitFileType = wrapper.cfbundle; includeInIndex = 0; path = AxcBasicSuitTests.xctest; sourceTree = BUILT_PRODUCTS_DIR; };
		EA9FB0DA20E1E0CC006260C4 /* AxcBasicSuitTests.m */ = {isa = PBXFileReference; lastKnownFileType = sourcecode.c.objc; path = AxcBasicSuitTests.m; sourceTree = "<group>"; };
		EA9FB0DC20E1E0CC006260C4 /* Info.plist */ = {isa = PBXFileReference; lastKnownFileType = text.plist.xml; path = Info.plist; sourceTree = "<group>"; };
		EA9FB0E120E1E0CC006260C4 /* AxcBasicSuitUITests.xctest */ = {isa = PBXFileReference; explicitFileType = wrapper.cfbundle; includeInIndex = 0; path = AxcBasicSuitUITests.xctest; sourceTree = BUILT_PRODUCTS_DIR; };
		EA9FB0E520E1E0CC006260C4 /* AxcBasicSuitUITests.m */ = {isa = PBXFileReference; lastKnownFileType = sourcecode.c.objc; path = AxcBasicSuitUITests.m; sourceTree = "<group>"; };
		EA9FB0E720E1E0CC006260C4 /* Info.plist */ = {isa = PBXFileReference; lastKnownFileType = text.plist.xml; path = Info.plist; sourceTree = "<group>"; };
		EA9FB0F420E1E0F8006260C4 /* AxcBaseVC.h */ = {isa = PBXFileReference; lastKnownFileType = sourcecode.c.h; path = AxcBaseVC.h; sourceTree = "<group>"; };
		EA9FB0F520E1E0F8006260C4 /* AxcBaseVC.m */ = {isa = PBXFileReference; lastKnownFileType = sourcecode.c.objc; path = AxcBaseVC.m; sourceTree = "<group>"; };
		EA9FB0F920E1E2EB006260C4 /* AxcBasicSuitDefine.h */ = {isa = PBXFileReference; lastKnownFileType = sourcecode.c.h; path = AxcBasicSuitDefine.h; sourceTree = "<group>"; };
/* End PBXFileReference section */

/* Begin PBXFrameworksBuildPhase section */
		EA9FB0BB20E1E0CB006260C4 /* Frameworks */ = {
			isa = PBXFrameworksBuildPhase;
			buildActionMask = 2147483647;
			files = (
			);
			runOnlyForDeploymentPostprocessing = 0;
		};
		EA9FB0D320E1E0CC006260C4 /* Frameworks */ = {
			isa = PBXFrameworksBuildPhase;
			buildActionMask = 2147483647;
			files = (
			);
			runOnlyForDeploymentPostprocessing = 0;
		};
		EA9FB0DE20E1E0CC006260C4 /* Frameworks */ = {
			isa = PBXFrameworksBuildPhase;
			buildActionMask = 2147483647;
			files = (
			);
			runOnlyForDeploymentPostprocessing = 0;
		};
/* End PBXFrameworksBuildPhase section */

/* Begin PBXGroup section */
		EA29152D20E1E87000832709 /* 语言工具 */ = {
			isa = PBXGroup;
			children = (
				EA29152E20E1E8CC00832709 /* AxcLanguageManagement.h */,
				EA29152F20E1E8CC00832709 /* AxcLanguageManagement.m */,
			);
			path = "语言工具";
			sourceTree = "<group>";
		};
		EA29153120E2267B00832709 /* 扩展类工具 */ = {
			isa = PBXGroup;
			children = (
				EA69961420E4E5C4000592B2 /* UIColor+ */,
				EA69961020E4E408000592B2 /* UIVIew+ */,
				EA6995FB20E4C5C1000592B2 /* NSString+ */,
				EA6995FA20E4C5B3000592B2 /* NSObject+ */,
			);
			path = "扩展类工具";
			sourceTree = "<group>";
		};
		EA29153520E229A100832709 /* Header */ = {
			isa = PBXGroup;
			children = (
				EA29153620E229C700832709 /* AxcBasicSuitPrefixHeader.h */,
			);
			path = Header;
			sourceTree = "<group>";
		};
		EA29153A20E236A900832709 /* Tools */ = {
			isa = PBXGroup;
			children = (
				EA69962120E62CE9000592B2 /* 二进制缓存器 */,
				EA69961820E61C1C000592B2 /* 机型判断 */,
				EA29152D20E1E87000832709 /* 语言工具 */,
				EA29153E20E236E300832709 /* 计算工具 */,
				EA29153120E2267B00832709 /* 扩展类工具 */,
			);
			path = Tools;
			sourceTree = "<group>";
		};
		EA29153E20E236E300832709 /* 计算工具 */ = {
			isa = PBXGroup;
			children = (
				EA29153B20E236DE00832709 /* AxcCalculateTool.h */,
				EA29153C20E236DE00832709 /* AxcCalculateTool.m */,
			);
			path = "计算工具";
			sourceTree = "<group>";
		};
		EA6995FA20E4C5B3000592B2 /* NSObject+ */ = {
			isa = PBXGroup;
			children = (
				EA69960020E4CC09000592B2 /* ObjectEx */,
				EA6995FF20E4CBFF000592B2 /* IndexPath */,
			);
			path = "NSObject+";
			sourceTree = "<group>";
		};
		EA6995FB20E4C5C1000592B2 /* NSString+ */ = {
			isa = PBXGroup;
			children = (
				EA69960F20E4E0A3000592B2 /* 文字大小 */,
				EA69960520E4CDCC000592B2 /* 正则字符串 */,
			);
			path = "NSString+";
			sourceTree = "<group>";
		};
		EA6995FF20E4CBFF000592B2 /* IndexPath */ = {
			isa = PBXGroup;
			children = (
				EA29153220E226D200832709 /* NSObject+AxcBasicSuitIndexPath.h */,
				EA29153320E226D200832709 /* NSObject+AxcBasicSuitIndexPath.m */,
			);
			path = IndexPath;
			sourceTree = "<group>";
		};
		EA69960020E4CC09000592B2 /* ObjectEx */ = {
			isa = PBXGroup;
			children = (
				EA69960120E4CC40000592B2 /* NSObject+AxcBasicSuitObjectEx.h */,
				EA69960220E4CC40000592B2 /* NSObject+AxcBasicSuitObjectEx.m */,
			);
			path = ObjectEx;
			sourceTree = "<group>";
		};
		EA69960520E4CDCC000592B2 /* 正则字符串 */ = {
			isa = PBXGroup;
			children = (
				EA69960620E4CDE7000592B2 /* NSString+AxcRegularEx.h */,
				EA69960720E4CDE7000592B2 /* NSString+AxcRegularEx.m */,
			);
			path = "正则字符串";
			sourceTree = "<group>";
		};
		EA69960F20E4E0A3000592B2 /* 文字大小 */ = {
			isa = PBXGroup;
			children = (
				EA69960C20E4E08E000592B2 /* NSString+AxcTextCalculation.h */,
				EA69960D20E4E08E000592B2 /* NSString+AxcTextCalculation.m */,
			);
			path = "文字大小";
			sourceTree = "<group>";
		};
		EA69961020E4E408000592B2 /* UIVIew+ */ = {
			isa = PBXGroup;
			children = (
				EA69961D20E625EB000592B2 /* 快速定义外观 */,
				EA69961C20E625CE000592B2 /* 快速设置Rect */,
			);
			path = "UIVIew+";
			sourceTree = "<group>";
		};
		EA69961420E4E5C4000592B2 /* UIColor+ */ = {
			isa = PBXGroup;
			children = (
				EA69961620E4E5D6000592B2 /* UIColor+AxcColorEx.h */,
				EA69961520E4E5D6000592B2 /* UIColor+AxcColorEx.m */,
			);
			path = "UIColor+";
			sourceTree = "<group>";
		};
		EA69961820E61C1C000592B2 /* 机型判断 */ = {
			isa = PBXGroup;
			children = (
				EA69961920E61C49000592B2 /* AxcParameterObj.h */,
				EA69961A20E61C49000592B2 /* AxcParameterObj.m */,
			);
			path = "机型判断";
			sourceTree = "<group>";
		};
		EA69961C20E625CE000592B2 /* 快速设置Rect */ = {
			isa = PBXGroup;
			children = (
				EA69961120E4E41E000592B2 /* UIView+AxcViewRectEx.h */,
				EA69961220E4E41E000592B2 /* UIView+AxcViewRectEx.m */,
			);
			path = "快速设置Rect";
			sourceTree = "<group>";
		};
		EA69961D20E625EB000592B2 /* 快速定义外观 */ = {
			isa = PBXGroup;
			children = (
				EA69961E20E6261D000592B2 /* UIView+AxcViewAppearanceEx.h */,
				EA69961F20E6261D000592B2 /* UIView+AxcViewAppearanceEx.m */,
			);
			path = "快速定义外观";
			sourceTree = "<group>";
		};
		EA69962120E62CE9000592B2 /* 二进制缓存器 */ = {
			isa = PBXGroup;
			children = (
				EA69962320E62CF7000592B2 /* AxcDataCache.h */,
				EA69962220E62CF6000592B2 /* AxcDataCache.m */,
			);
			path = "二进制缓存器";
			sourceTree = "<group>";
		};
		EA9FB0B520E1E0CB006260C4 = {
			isa = PBXGroup;
			children = (
				EA9FB0C020E1E0CB006260C4 /* AxcBasicSuit */,
				EA9FB0D920E1E0CC006260C4 /* AxcBasicSuitTests */,
				EA9FB0E420E1E0CC006260C4 /* AxcBasicSuitUITests */,
				EA9FB0BF20E1E0CB006260C4 /* Products */,
			);
			sourceTree = "<group>";
		};
		EA9FB0BF20E1E0CB006260C4 /* Products */ = {
			isa = PBXGroup;
			children = (
				EA9FB0BE20E1E0CB006260C4 /* AxcBasicSuit.app */,
				EA9FB0D620E1E0CC006260C4 /* AxcBasicSuitTests.xctest */,
				EA9FB0E120E1E0CC006260C4 /* AxcBasicSuitUITests.xctest */,
			);
			name = Products;
			sourceTree = "<group>";
		};
		EA9FB0C020E1E0CB006260C4 /* AxcBasicSuit */ = {
			isa = PBXGroup;
			children = (
				EA9FB0C120E1E0CB006260C4 /* AppDelegate.h */,
				EA9FB0C220E1E0CB006260C4 /* AppDelegate.m */,
				EA9FB0F320E1E0DF006260C4 /* AxcBasicSuit */,
				EA9FB0C420E1E0CB006260C4 /* ViewController.h */,
				EA9FB0C520E1E0CB006260C4 /* ViewController.m */,
				EA9FB0C720E1E0CB006260C4 /* Main.storyboard */,
				EA9FB0CA20E1E0CC006260C4 /* Assets.xcassets */,
				EA9FB0CC20E1E0CC006260C4 /* LaunchScreen.storyboard */,
				EA9FB0CF20E1E0CC006260C4 /* Info.plist */,
				EA9FB0D020E1E0CC006260C4 /* main.m */,
			);
			path = AxcBasicSuit;
			sourceTree = "<group>";
		};
		EA9FB0D920E1E0CC006260C4 /* AxcBasicSuitTests */ = {
			isa = PBXGroup;
			children = (
				EA9FB0DA20E1E0CC006260C4 /* AxcBasicSuitTests.m */,
				EA9FB0DC20E1E0CC006260C4 /* Info.plist */,
			);
			path = AxcBasicSuitTests;
			sourceTree = "<group>";
		};
		EA9FB0E420E1E0CC006260C4 /* AxcBasicSuitUITests */ = {
			isa = PBXGroup;
			children = (
				EA9FB0E520E1E0CC006260C4 /* AxcBasicSuitUITests.m */,
				EA9FB0E720E1E0CC006260C4 /* Info.plist */,
			);
			path = AxcBasicSuitUITests;
			sourceTree = "<group>";
		};
		EA9FB0F320E1E0DF006260C4 /* AxcBasicSuit */ = {
			isa = PBXGroup;
			children = (
				EA29153A20E236A900832709 /* Tools */,
				EA29153520E229A100832709 /* Header */,
				EA9FB0F820E1E2C7006260C4 /* Define */,
				EA9FB0F720E1E2C1006260C4 /* VC */,
			);
			path = AxcBasicSuit;
			sourceTree = "<group>";
		};
		EA9FB0F720E1E2C1006260C4 /* VC */ = {
			isa = PBXGroup;
			children = (
				EA9FB0F420E1E0F8006260C4 /* AxcBaseVC.h */,
				EA9FB0F520E1E0F8006260C4 /* AxcBaseVC.m */,
			);
			path = VC;
			sourceTree = "<group>";
		};
		EA9FB0F820E1E2C7006260C4 /* Define */ = {
			isa = PBXGroup;
			children = (
				EA9FB0F920E1E2EB006260C4 /* AxcBasicSuitDefine.h */,
				EA29154B20E23F3500832709 /* AxcBasicSuitBlockDefine.h */,
			);
			path = Define;
			sourceTree = "<group>";
		};
/* End PBXGroup section */

/* Begin PBXNativeTarget section */
		EA9FB0BD20E1E0CB006260C4 /* AxcBasicSuit */ = {
			isa = PBXNativeTarget;
			buildConfigurationList = EA9FB0EA20E1E0CC006260C4 /* Build configuration list for PBXNativeTarget "AxcBasicSuit" */;
			buildPhases = (
				EA9FB0BA20E1E0CB006260C4 /* Sources */,
				EA9FB0BB20E1E0CB006260C4 /* Frameworks */,
				EA9FB0BC20E1E0CB006260C4 /* Resources */,
			);
			buildRules = (
			);
			dependencies = (
			);
			name = AxcBasicSuit;
			productName = AxcBasicSuit;
			productReference = EA9FB0BE20E1E0CB006260C4 /* AxcBasicSuit.app */;
			productType = "com.apple.product-type.application";
		};
		EA9FB0D520E1E0CC006260C4 /* AxcBasicSuitTests */ = {
			isa = PBXNativeTarget;
			buildConfigurationList = EA9FB0ED20E1E0CC006260C4 /* Build configuration list for PBXNativeTarget "AxcBasicSuitTests" */;
			buildPhases = (
				EA9FB0D220E1E0CC006260C4 /* Sources */,
				EA9FB0D320E1E0CC006260C4 /* Frameworks */,
				EA9FB0D420E1E0CC006260C4 /* Resources */,
			);
			buildRules = (
			);
			dependencies = (
				EA9FB0D820E1E0CC006260C4 /* PBXTargetDependency */,
			);
			name = AxcBasicSuitTests;
			productName = AxcBasicSuitTests;
			productReference = EA9FB0D620E1E0CC006260C4 /* AxcBasicSuitTests.xctest */;
			productType = "com.apple.product-type.bundle.unit-test";
		};
		EA9FB0E020E1E0CC006260C4 /* AxcBasicSuitUITests */ = {
			isa = PBXNativeTarget;
			buildConfigurationList = EA9FB0F020E1E0CC006260C4 /* Build configuration list for PBXNativeTarget "AxcBasicSuitUITests" */;
			buildPhases = (
				EA9FB0DD20E1E0CC006260C4 /* Sources */,
				EA9FB0DE20E1E0CC006260C4 /* Frameworks */,
				EA9FB0DF20E1E0CC006260C4 /* Resources */,
			);
			buildRules = (
			);
			dependencies = (
				EA9FB0E320E1E0CC006260C4 /* PBXTargetDependency */,
			);
			name = AxcBasicSuitUITests;
			productName = AxcBasicSuitUITests;
			productReference = EA9FB0E120E1E0CC006260C4 /* AxcBasicSuitUITests.xctest */;
			productType = "com.apple.product-type.bundle.ui-testing";
		};
/* End PBXNativeTarget section */

/* Begin PBXProject section */
		EA9FB0B620E1E0CB006260C4 /* Project object */ = {
			isa = PBXProject;
			attributes = {
				LastUpgradeCheck = 0940;
				ORGANIZATIONNAME = AxcLogo;
				TargetAttributes = {
					EA9FB0BD20E1E0CB006260C4 = {
						CreatedOnToolsVersion = 9.4.1;
					};
					EA9FB0D520E1E0CC006260C4 = {
						CreatedOnToolsVersion = 9.4.1;
						TestTargetID = EA9FB0BD20E1E0CB006260C4;
					};
					EA9FB0E020E1E0CC006260C4 = {
						CreatedOnToolsVersion = 9.4.1;
						TestTargetID = EA9FB0BD20E1E0CB006260C4;
					};
				};
			};
			buildConfigurationList = EA9FB0B920E1E0CB006260C4 /* Build configuration list for PBXProject "AxcBasicSuit" */;
			compatibilityVersion = "Xcode 9.3";
			developmentRegion = en;
			hasScannedForEncodings = 0;
			knownRegions = (
				en,
				Base,
			);
			mainGroup = EA9FB0B520E1E0CB006260C4;
			productRefGroup = EA9FB0BF20E1E0CB006260C4 /* Products */;
			projectDirPath = "";
			projectRoot = "";
			targets = (
				EA9FB0BD20E1E0CB006260C4 /* AxcBasicSuit */,
				EA9FB0D520E1E0CC006260C4 /* AxcBasicSuitTests */,
				EA9FB0E020E1E0CC006260C4 /* AxcBasicSuitUITests */,
			);
		};
/* End PBXProject section */

/* Begin PBXResourcesBuildPhase section */
		EA9FB0BC20E1E0CB006260C4 /* Resources */ = {
			isa = PBXResourcesBuildPhase;
			buildActionMask = 2147483647;
			files = (
				EA9FB0CE20E1E0CC006260C4 /* LaunchScreen.storyboard in Resources */,
				EA9FB0CB20E1E0CC006260C4 /* Assets.xcassets in Resources */,
				EA9FB0C920E1E0CB006260C4 /* Main.storyboard in Resources */,
			);
			runOnlyForDeploymentPostprocessing = 0;
		};
		EA9FB0D420E1E0CC006260C4 /* Resources */ = {
			isa = PBXResourcesBuildPhase;
			buildActionMask = 2147483647;
			files = (
			);
			runOnlyForDeploymentPostprocessing = 0;
		};
		EA9FB0DF20E1E0CC006260C4 /* Resources */ = {
			isa = PBXResourcesBuildPhase;
			buildActionMask = 2147483647;
			files = (
			);
			runOnlyForDeploymentPostprocessing = 0;
		};
/* End PBXResourcesBuildPhase section */

/* Begin PBXSourcesBuildPhase section */
		EA9FB0BA20E1E0CB006260C4 /* Sources */ = {
			isa = PBXSourcesBuildPhase;
			buildActionMask = 2147483647;
			files = (
				EA69960320E4CC40000592B2 /* NSObject+AxcBasicSuitObjectEx.m in Sources */,
				EA29153420E226D200832709 /* NSObject+AxcBasicSuitIndexPath.m in Sources */,
				EA9FB0C620E1E0CB006260C4 /* ViewController.m in Sources */,
				EA69960E20E4E08E000592B2 /* NSString+AxcTextCalculation.m in Sources */,
				EA69961320E4E41E000592B2 /* UIView+AxcViewRectEx.m in Sources */,
				EA29153D20E236DE00832709 /* AxcCalculateTool.m in Sources */,
				EA69962420E62CF7000592B2 /* AxcDataCache.m in Sources */,
				EA69961720E4E5D6000592B2 /* UIColor+AxcColorEx.m in Sources */,
				EA9FB0D120E1E0CC006260C4 /* main.m in Sources */,
				EA9FB0F620E1E0F8006260C4 /* AxcBaseVC.m in Sources */,
				EA69962020E6261D000592B2 /* UIView+AxcViewAppearanceEx.m in Sources */,
				EA69960820E4CDE7000592B2 /* NSString+AxcRegularEx.m in Sources */,
				EA29153020E1E8CC00832709 /* AxcLanguageManagement.m in Sources */,
				EA9FB0C320E1E0CB006260C4 /* AppDelegate.m in Sources */,
				EA69961B20E61C49000592B2 /* AxcParameterObj.m in Sources */,
			);
			runOnlyForDeploymentPostprocessing = 0;
		};
		EA9FB0D220E1E0CC006260C4 /* Sources */ = {
			isa = PBXSourcesBuildPhase;
			buildActionMask = 2147483647;
			files = (
				EA9FB0DB20E1E0CC006260C4 /* AxcBasicSuitTests.m in Sources */,
			);
			runOnlyForDeploymentPostprocessing = 0;
		};
		EA9FB0DD20E1E0CC006260C4 /* Sources */ = {
			isa = PBXSourcesBuildPhase;
			buildActionMask = 2147483647;
			files = (
				EA9FB0E620E1E0CC006260C4 /* AxcBasicSuitUITests.m in Sources */,
			);
			runOnlyForDeploymentPostprocessing = 0;
		};
/* End PBXSourcesBuildPhase section */

/* Begin PBXTargetDependency section */
		EA9FB0D820E1E0CC006260C4 /* PBXTargetDependency */ = {
			isa = PBXTargetDependency;
			target = EA9FB0BD20E1E0CB006260C4 /* AxcBasicSuit */;
			targetProxy = EA9FB0D720E1E0CC006260C4 /* PBXContainerItemProxy */;
		};
		EA9FB0E320E1E0CC006260C4 /* PBXTargetDependency */ = {
			isa = PBXTargetDependency;
			target = EA9FB0BD20E1E0CB006260C4 /* AxcBasicSuit */;
			targetProxy = EA9FB0E220E1E0CC006260C4 /* PBXContainerItemProxy */;
		};
/* End PBXTargetDependency section */

/* Begin PBXVariantGroup section */
		EA9FB0C720E1E0CB006260C4 /* Main.storyboard */ = {
			isa = PBXVariantGroup;
			children = (
				EA9FB0C820E1E0CB006260C4 /* Base */,
			);
			name = Main.storyboard;
			sourceTree = "<group>";
		};
		EA9FB0CC20E1E0CC006260C4 /* LaunchScreen.storyboard */ = {
			isa = PBXVariantGroup;
			children = (
				EA9FB0CD20E1E0CC006260C4 /* Base */,
			);
			name = LaunchScreen.storyboard;
			sourceTree = "<group>";
		};
/* End PBXVariantGroup section */

/* Begin XCBuildConfiguration section */
		EA9FB0E820E1E0CC006260C4 /* Debug */ = {
			isa = XCBuildConfiguration;
			buildSettings = {
				ALWAYS_SEARCH_USER_PATHS = NO;
				CLANG_ANALYZER_NONNULL = YES;
				CLANG_ANALYZER_NUMBER_OBJECT_CONVERSION = YES_AGGRESSIVE;
				CLANG_CXX_LANGUAGE_STANDARD = "gnu++14";
				CLANG_CXX_LIBRARY = "libc++";
				CLANG_ENABLE_MODULES = YES;
				CLANG_ENABLE_OBJC_ARC = YES;
				CLANG_ENABLE_OBJC_WEAK = YES;
				CLANG_WARN_BLOCK_CAPTURE_AUTORELEASING = YES;
				CLANG_WARN_BOOL_CONVERSION = YES;
				CLANG_WARN_COMMA = YES;
				CLANG_WARN_CONSTANT_CONVERSION = YES;
				CLANG_WARN_DEPRECATED_OBJC_IMPLEMENTATIONS = YES;
				CLANG_WARN_DIRECT_OBJC_ISA_USAGE = YES_ERROR;
				CLANG_WARN_DOCUMENTATION_COMMENTS = YES;
				CLANG_WARN_EMPTY_BODY = YES;
				CLANG_WARN_ENUM_CONVERSION = YES;
				CLANG_WARN_INFINITE_RECURSION = YES;
				CLANG_WARN_INT_CONVERSION = YES;
				CLANG_WARN_NON_LITERAL_NULL_CONVERSION = YES;
				CLANG_WARN_OBJC_IMPLICIT_RETAIN_SELF = YES;
				CLANG_WARN_OBJC_LITERAL_CONVERSION = YES;
				CLANG_WARN_OBJC_ROOT_CLASS = YES_ERROR;
				CLANG_WARN_RANGE_LOOP_ANALYSIS = YES;
				CLANG_WARN_STRICT_PROTOTYPES = YES;
				CLANG_WARN_SUSPICIOUS_MOVE = YES;
				CLANG_WARN_UNGUARDED_AVAILABILITY = YES_AGGRESSIVE;
				CLANG_WARN_UNREACHABLE_CODE = YES;
				CLANG_WARN__DUPLICATE_METHOD_MATCH = YES;
				CODE_SIGN_IDENTITY = "iPhone Developer";
				COPY_PHASE_STRIP = NO;
				DEBUG_INFORMATION_FORMAT = dwarf;
				ENABLE_STRICT_OBJC_MSGSEND = YES;
				ENABLE_TESTABILITY = YES;
				GCC_C_LANGUAGE_STANDARD = gnu11;
				GCC_DYNAMIC_NO_PIC = NO;
				GCC_NO_COMMON_BLOCKS = YES;
				GCC_OPTIMIZATION_LEVEL = 0;
				GCC_PREPROCESSOR_DEFINITIONS = (
					"DEBUG=1",
					"$(inherited)",
				);
				GCC_WARN_64_TO_32_BIT_CONVERSION = YES;
				GCC_WARN_ABOUT_RETURN_TYPE = YES_ERROR;
				GCC_WARN_UNDECLARED_SELECTOR = YES;
				GCC_WARN_UNINITIALIZED_AUTOS = YES_AGGRESSIVE;
				GCC_WARN_UNUSED_FUNCTION = YES;
				GCC_WARN_UNUSED_VARIABLE = YES;
				IPHONEOS_DEPLOYMENT_TARGET = 11.4;
				MTL_ENABLE_DEBUG_INFO = YES;
				ONLY_ACTIVE_ARCH = YES;
				SDKROOT = iphoneos;
			};
			name = Debug;
		};
		EA9FB0E920E1E0CC006260C4 /* Release */ = {
			isa = XCBuildConfiguration;
			buildSettings = {
				ALWAYS_SEARCH_USER_PATHS = NO;
				CLANG_ANALYZER_NONNULL = YES;
				CLANG_ANALYZER_NUMBER_OBJECT_CONVERSION = YES_AGGRESSIVE;
				CLANG_CXX_LANGUAGE_STANDARD = "gnu++14";
				CLANG_CXX_LIBRARY = "libc++";
				CLANG_ENABLE_MODULES = YES;
				CLANG_ENABLE_OBJC_ARC = YES;
				CLANG_ENABLE_OBJC_WEAK = YES;
				CLANG_WARN_BLOCK_CAPTURE_AUTORELEASING = YES;
				CLANG_WARN_BOOL_CONVERSION = YES;
				CLANG_WARN_COMMA = YES;
				CLANG_WARN_CONSTANT_CONVERSION = YES;
				CLANG_WARN_DEPRECATED_OBJC_IMPLEMENTATIONS = YES;
				CLANG_WARN_DIRECT_OBJC_ISA_USAGE = YES_ERROR;
				CLANG_WARN_DOCUMENTATION_COMMENTS = YES;
				CLANG_WARN_EMPTY_BODY = YES;
				CLANG_WARN_ENUM_CONVERSION = YES;
				CLANG_WARN_INFINITE_RECURSION = YES;
				CLANG_WARN_INT_CONVERSION = YES;
				CLANG_WARN_NON_LITERAL_NULL_CONVERSION = YES;
				CLANG_WARN_OBJC_IMPLICIT_RETAIN_SELF = YES;
				CLANG_WARN_OBJC_LITERAL_CONVERSION = YES;
				CLANG_WARN_OBJC_ROOT_CLASS = YES_ERROR;
				CLANG_WARN_RANGE_LOOP_ANALYSIS = YES;
				CLANG_WARN_STRICT_PROTOTYPES = YES;
				CLANG_WARN_SUSPICIOUS_MOVE = YES;
				CLANG_WARN_UNGUARDED_AVAILABILITY = YES_AGGRESSIVE;
				CLANG_WARN_UNREACHABLE_CODE = YES;
				CLANG_WARN__DUPLICATE_METHOD_MATCH = YES;
				CODE_SIGN_IDENTITY = "iPhone Developer";
				COPY_PHASE_STRIP = NO;
				DEBUG_INFORMATION_FORMAT = "dwarf-with-dsym";
				ENABLE_NS_ASSERTIONS = NO;
				ENABLE_STRICT_OBJC_MSGSEND = YES;
				GCC_C_LANGUAGE_STANDARD = gnu11;
				GCC_NO_COMMON_BLOCKS = YES;
				GCC_WARN_64_TO_32_BIT_CONVERSION = YES;
				GCC_WARN_ABOUT_RETURN_TYPE = YES_ERROR;
				GCC_WARN_UNDECLARED_SELECTOR = YES;
				GCC_WARN_UNINITIALIZED_AUTOS = YES_AGGRESSIVE;
				GCC_WARN_UNUSED_FUNCTION = YES;
				GCC_WARN_UNUSED_VARIABLE = YES;
				IPHONEOS_DEPLOYMENT_TARGET = 11.4;
				MTL_ENABLE_DEBUG_INFO = NO;
				SDKROOT = iphoneos;
				VALIDATE_PRODUCT = YES;
			};
			name = Release;
		};
		EA9FB0EB20E1E0CC006260C4 /* Debug */ = {
			isa = XCBuildConfiguration;
			buildSettings = {
				ASSETCATALOG_COMPILER_APPICON_NAME = AppIcon;
				CODE_SIGN_STYLE = Automatic;
				INFOPLIST_FILE = AxcBasicSuit/Info.plist;
				LD_RUNPATH_SEARCH_PATHS = (
					"$(inherited)",
					"@executable_path/Frameworks",
				);
				PRODUCT_BUNDLE_IDENTIFIER = AxcLogoCreate.AxcBasicSuit;
				PRODUCT_NAME = "$(TARGET_NAME)";
				TARGETED_DEVICE_FAMILY = "1,2";
			};
			name = Debug;
		};
		EA9FB0EC20E1E0CC006260C4 /* Release */ = {
			isa = XCBuildConfiguration;
			buildSettings = {
				ASSETCATALOG_COMPILER_APPICON_NAME = AppIcon;
				CODE_SIGN_STYLE = Automatic;
				INFOPLIST_FILE = AxcBasicSuit/Info.plist;
				LD_RUNPATH_SEARCH_PATHS = (
					"$(inherited)",
					"@executable_path/Frameworks",
				);
				PRODUCT_BUNDLE_IDENTIFIER = AxcLogoCreate.AxcBasicSuit;
				PRODUCT_NAME = "$(TARGET_NAME)";
				TARGETED_DEVICE_FAMILY = "1,2";
			};
			name = Release;
		};
		EA9FB0EE20E1E0CC006260C4 /* Debug */ = {
			isa = XCBuildConfiguration;
			buildSettings = {
				BUNDLE_LOADER = "$(TEST_HOST)";
				CODE_SIGN_STYLE = Automatic;
				INFOPLIST_FILE = AxcBasicSuitTests/Info.plist;
				LD_RUNPATH_SEARCH_PATHS = (
					"$(inherited)",
					"@executable_path/Frameworks",
					"@loader_path/Frameworks",
				);
				PRODUCT_BUNDLE_IDENTIFIER = AxcLogoCreate.AxcBasicSuitTests;
				PRODUCT_NAME = "$(TARGET_NAME)";
				TARGETED_DEVICE_FAMILY = "1,2";
				TEST_HOST = "$(BUILT_PRODUCTS_DIR)/AxcBasicSuit.app/AxcBasicSuit";
			};
			name = Debug;
		};
		EA9FB0EF20E1E0CC006260C4 /* Release */ = {
			isa = XCBuildConfiguration;
			buildSettings = {
				BUNDLE_LOADER = "$(TEST_HOST)";
				CODE_SIGN_STYLE = Automatic;
				INFOPLIST_FILE = AxcBasicSuitTests/Info.plist;
				LD_RUNPATH_SEARCH_PATHS = (
					"$(inherited)",
					"@executable_path/Frameworks",
					"@loader_path/Frameworks",
				);
				PRODUCT_BUNDLE_IDENTIFIER = AxcLogoCreate.AxcBasicSuitTests;
				PRODUCT_NAME = "$(TARGET_NAME)";
				TARGETED_DEVICE_FAMILY = "1,2";
				TEST_HOST = "$(BUILT_PRODUCTS_DIR)/AxcBasicSuit.app/AxcBasicSuit";
			};
			name = Release;
		};
		EA9FB0F120E1E0CC006260C4 /* Debug */ = {
			isa = XCBuildConfiguration;
			buildSettings = {
				CODE_SIGN_STYLE = Automatic;
				INFOPLIST_FILE = AxcBasicSuitUITests/Info.plist;
				LD_RUNPATH_SEARCH_PATHS = (
					"$(inherited)",
					"@executable_path/Frameworks",
					"@loader_path/Frameworks",
				);
				PRODUCT_BUNDLE_IDENTIFIER = AxcLogoCreate.AxcBasicSuitUITests;
				PRODUCT_NAME = "$(TARGET_NAME)";
				TARGETED_DEVICE_FAMILY = "1,2";
				TEST_TARGET_NAME = AxcBasicSuit;
			};
			name = Debug;
		};
		EA9FB0F220E1E0CC006260C4 /* Release */ = {
			isa = XCBuildConfiguration;
			buildSettings = {
				CODE_SIGN_STYLE = Automatic;
				INFOPLIST_FILE = AxcBasicSuitUITests/Info.plist;
				LD_RUNPATH_SEARCH_PATHS = (
					"$(inherited)",
					"@executable_path/Frameworks",
					"@loader_path/Frameworks",
				);
				PRODUCT_BUNDLE_IDENTIFIER = AxcLogoCreate.AxcBasicSuitUITests;
				PRODUCT_NAME = "$(TARGET_NAME)";
				TARGETED_DEVICE_FAMILY = "1,2";
				TEST_TARGET_NAME = AxcBasicSuit;
			};
			name = Release;
		};
/* End XCBuildConfiguration section */

/* Begin XCConfigurationList section */
		EA9FB0B920E1E0CB006260C4 /* Build configuration list for PBXProject "AxcBasicSuit" */ = {
			isa = XCConfigurationList;
			buildConfigurations = (
				EA9FB0E820E1E0CC006260C4 /* Debug */,
				EA9FB0E920E1E0CC006260C4 /* Release */,
			);
			defaultConfigurationIsVisible = 0;
			defaultConfigurationName = Release;
		};
		EA9FB0EA20E1E0CC006260C4 /* Build configuration list for PBXNativeTarget "AxcBasicSuit" */ = {
			isa = XCConfigurationList;
			buildConfigurations = (
				EA9FB0EB20E1E0CC006260C4 /* Debug */,
				EA9FB0EC20E1E0CC006260C4 /* Release */,
			);
			defaultConfigurationIsVisible = 0;
			defaultConfigurationName = Release;
		};
		EA9FB0ED20E1E0CC006260C4 /* Build configuration list for PBXNativeTarget "AxcBasicSuitTests" */ = {
			isa = XCConfigurationList;
			buildConfigurations = (
				EA9FB0EE20E1E0CC006260C4 /* Debug */,
				EA9FB0EF20E1E0CC006260C4 /* Release */,
			);
			defaultConfigurationIsVisible = 0;
			defaultConfigurationName = Release;
		};
		EA9FB0F020E1E0CC006260C4 /* Build configuration list for PBXNativeTarget "AxcBasicSuitUITests" */ = {
			isa = XCConfigurationList;
			buildConfigurations = (
				EA9FB0F120E1E0CC006260C4 /* Debug */,
				EA9FB0F220E1E0CC006260C4 /* Release */,
			);
			defaultConfigurationIsVisible = 0;
			defaultConfigurationName = Release;
		};
/* End XCConfigurationList section */
	};
	rootObject = EA9FB0B620E1E0CB006260C4 /* Project object */;
}
